
Microsoft Visual Studio Solution File, Format Version 12.00
# Visual Studio Version 16
VisualStudioVersion = 16.0.31112.23
MinimumVisualStudioVersion = 10.0.40219.1
Project("{2150E333-8FDC-42A3-9474-1A3956D46DE8}") = "src", "src", "{AC5A6F78-159D-43C1-8E94-DE91793B913A}"
EndProject
Project("{FAE04EC0-301F-11D3-BF4B-00C04F79EFBC}") = "Core", "Core\Core.csproj", "{83924864-8B1E-4B99-8E4B-7902DF408218}"
EndProject
Project("{FAE04EC0-301F-11D3-BF4B-00C04F79EFBC}") = "Core.Tests", "Core.Tests\Core.Tests.csproj", "{F919A0B6-B39B-44DA-AF45-9B1E7561F991}"
EndProject
Project("{FAE04EC0-301F-11D3-BF4B-00C04F79EFBC}") = "Infrastructure", "Infrastructure\Infrastructure.csproj", "{42B11ED1-70D6-48D4-94DC-68C9190EA5AA}"
EndProject
Project("{FAE04EC0-301F-11D3-BF4B-00C04F79EFBC}") = "Common", "Common\Common.csproj", "{6A29490A-503C-4881-81D7-38B07ED15F7C}"
EndProject
Project("{FAE04EC0-301F-11D3-BF4B-00C04F79EFBC}") = "Api", "Api\Api.csproj", "{91C64AA1-E101-4260-9657-573EE7E4C8BB}"
EndProject
Global
	GlobalSection(SolutionConfigurationPlatforms) = preSolution
		Debug|Any CPU = Debug|Any CPU
		Release|Any CPU = Release|Any CPU
	EndGlobalSection
	GlobalSection(ProjectConfigurationPlatforms) = postSolution
		{83924864-8B1E-4B99-8E4B-7902DF408218}.Debug|Any CPU.ActiveCfg = Debug|Any CPU
		{83924864-8B1E-4B99-8E4B-7902DF408218}.Debug|Any CPU.Build.0 = Debug|Any CPU
		{83924864-8B1E-4B99-8E4B-7902DF408218}.Release|Any CPU.ActiveCfg = Release|Any CPU
		{83924864-8B1E-4B99-8E4B-7902DF408218}.Release|Any CPU.Build.0 = Release|Any CPU
		{F919A0B6-B39B-44DA-AF45-9B1E7561F991}.Debug|Any CPU.ActiveCfg = Debug|Any CPU
		{F919A0B6-B39B-44DA-AF45-9B1E7561F991}.Debug|Any CPU.Build.0 = Debug|Any CPU
		{F919A0B6-B39B-44DA-AF45-9B1E7561F991}.Release|Any CPU.ActiveCfg = Release|Any CPU
		{F919A0B6-B39B-44DA-AF45-9B1E7561F991}.Release|Any CPU.Build.0 = Release|Any CPU
		{42B11ED1-70D6-48D4-94DC-68C9190EA5AA}.Debug|Any CPU.ActiveCfg = Debug|Any CPU
		{42B11ED1-70D6-48D4-94DC-68C9190EA5AA}.Debug|Any CPU.Build.0 = Debug|Any CPU
		{42B11ED1-70D6-48D4-94DC-68C9190EA5AA}.Release|Any CPU.ActiveCfg = Release|Any CPU
		{42B11ED1-70D6-48D4-94DC-68C9190EA5AA}.Release|Any CPU.Build.0 = Release|Any CPU
		{6A29490A-503C-4881-81D7-38B07ED15F7C}.Debug|Any CPU.ActiveCfg = Debug|Any CPU
		{6A29490A-503C-4881-81D7-38B07ED15F7C}.Debug|Any CPU.Build.0 = Debug|Any CPU
		{6A29490A-503C-4881-81D7-38B07ED15F7C}.Release|Any CPU.ActiveCfg = Release|Any CPU
		{6A29490A-503C-4881-81D7-38B07ED15F7C}.Release|Any CPU.Build.0 = Release|Any CPU
		{91C64AA1-E101-4260-9657-573EE7E4C8BB}.Debug|Any CPU.ActiveCfg = Debug|Any CPU
		{91C64AA1-E101-4260-9657-573EE7E4C8BB}.Debug|Any CPU.Build.0 = Debug|Any CPU
		{91C64AA1-E101-4260-9657-573EE7E4C8BB}.Release|Any CPU.ActiveCfg = Release|Any CPU
		{91C64AA1-E101-4260-9657-573EE7E4C8BB}.Release|Any CPU.Build.0 = Release|Any CPU
	EndGlobalSection
	GlobalSection(SolutionProperties) = preSolution
		HideSolutionNode = FALSE
	EndGlobalSection
	GlobalSection(NestedProjects) = preSolution
		{83924864-8B1E-4B99-8E4B-7902DF408218} = {AC5A6F78-159D-43C1-8E94-DE91793B913A}
		{F919A0B6-B39B-44DA-AF45-9B1E7561F991} = {AC5A6F78-159D-43C1-8E94-DE91793B913A}
		{42B11ED1-70D6-48D4-94DC-68C9190EA5AA} = {AC5A6F78-159D-43C1-8E94-DE91793B913A}
		{6A29490A-503C-4881-81D7-38B07ED15F7C} = {AC5A6F78-159D-43C1-8E94-DE91793B913A}
		{91C64AA1-E101-4260-9657-573EE7E4C8BB} = {AC5A6F78-159D-43C1-8E94-DE91793B913A}
	EndGlobalSection
	GlobalSection(ExtensibilityGlobals) = postSolution
		SolutionGuid = {2569D772-1104-455E-BCB7-C881A92F40F1}
	EndGlobalSection
EndGlobal
